
Microsoft Visual Studio Solution File, Format Version 12.00
# Visual Studio Version 17
VisualStudioVersion = 17.9.34622.214
MinimumVisualStudioVersion = 10.0.40219.1
Project("{FAE04EC0-301F-11D3-BF4B-00C04F79EFBC}") = "HXD4UK_HSZF_2024251.Console", "HXD4UK_HSZF_2024251\HXD4UK_HSZF_2024251.Console.csproj", "{CFB21081-71AC-4648-BAD9-721189BC3FFE}"
EndProject
Project("{FAE04EC0-301F-11D3-BF4B-00C04F79EFBC}") = "HXD4UK_HSZF_20242501.Application", "HXD4UK_HSZF_20242501.Application\HXD4UK_HSZF_20242501.Application.csproj", "{E1A32CD7-1DF0-427B-AAB5-09AB5FEAA18C}"
EndProject
Project("{FAE04EC0-301F-11D3-BF4B-00C04F79EFBC}") = "HXD4UK_HSZF_20242501.Model", "HXD4UK_HSZF_20242501.Model\HXD4UK_HSZF_20242501.Model.csproj", "{621FDC31-FB11-43DB-BE62-29F157790298}"
EndProject
Project("{FAE04EC0-301F-11D3-BF4B-00C04F79EFBC}") = "HXD4UK_HSZF_20242501.Persistence.MsSql", "HXD4UK_HSZF_20242501.Persistence.MsSql\HXD4UK_HSZF_20242501.Persistence.MsSql.csproj", "{B5516CB7-7922-4F4A-8400-D29E8346B9D4}"
EndProject
Project("{FAE04EC0-301F-11D3-BF4B-00C04F79EFBC}") = "HXD4UK_HSZF_20242501.Test", "HXD4UK_HSZF_20242501.Test\HXD4UK_HSZF_20242501.Test.csproj", "{677A40C8-F913-4035-8651-E384098E8420}"
EndProject
Project("{2150E333-8FDC-42A3-9474-1A3956D46DE8}") = "Application", "Application", "{E8FFFCF5-7814-418E-9AA3-2DB8CA0F7A0A}"
EndProject
Project("{2150E333-8FDC-42A3-9474-1A3956D46DE8}") = "Domain", "Domain", "{0B8FF54F-E099-41DD-9C8C-95FBBFAC187F}"
EndProject
Project("{2150E333-8FDC-42A3-9474-1A3956D46DE8}") = "Infrastructure", "Infrastructure", "{BE3C8773-23E3-4434-BB36-DD1525BFBF1C}"
EndProject
Project("{2150E333-8FDC-42A3-9474-1A3956D46DE8}") = "Presentation", "Presentation", "{E0BDDADE-9DC6-4F14-AF43-FCE838432482}"
EndProject
Project("{2150E333-8FDC-42A3-9474-1A3956D46DE8}") = "Tests", "Tests", "{C08C7BC8-7623-48B4-B522-25CA9C7C3235}"
EndProject
Global
	GlobalSection(SolutionConfigurationPlatforms) = preSolution
		Debug|Any CPU = Debug|Any CPU
		Release|Any CPU = Release|Any CPU
	EndGlobalSection
	GlobalSection(ProjectConfigurationPlatforms) = postSolution
		{CFB21081-71AC-4648-BAD9-721189BC3FFE}.Debug|Any CPU.ActiveCfg = Debug|Any CPU
		{CFB21081-71AC-4648-BAD9-721189BC3FFE}.Debug|Any CPU.Build.0 = Debug|Any CPU
		{CFB21081-71AC-4648-BAD9-721189BC3FFE}.Release|Any CPU.ActiveCfg = Release|Any CPU
		{CFB21081-71AC-4648-BAD9-721189BC3FFE}.Release|Any CPU.Build.0 = Release|Any CPU
		{E1A32CD7-1DF0-427B-AAB5-09AB5FEAA18C}.Debug|Any CPU.ActiveCfg = Debug|Any CPU
		{E1A32CD7-1DF0-427B-AAB5-09AB5FEAA18C}.Debug|Any CPU.Build.0 = Debug|Any CPU
		{E1A32CD7-1DF0-427B-AAB5-09AB5FEAA18C}.Release|Any CPU.ActiveCfg = Release|Any CPU
		{E1A32CD7-1DF0-427B-AAB5-09AB5FEAA18C}.Release|Any CPU.Build.0 = Release|Any CPU
		{621FDC31-FB11-43DB-BE62-29F157790298}.Debug|Any CPU.ActiveCfg = Debug|Any CPU
		{621FDC31-FB11-43DB-BE62-29F157790298}.Debug|Any CPU.Build.0 = Debug|Any CPU
		{621FDC31-FB11-43DB-BE62-29F157790298}.Release|Any CPU.ActiveCfg = Release|Any CPU
		{621FDC31-FB11-43DB-BE62-29F157790298}.Release|Any CPU.Build.0 = Release|Any CPU
		{B5516CB7-7922-4F4A-8400-D29E8346B9D4}.Debug|Any CPU.ActiveCfg = Debug|Any CPU
		{B5516CB7-7922-4F4A-8400-D29E8346B9D4}.Debug|Any CPU.Build.0 = Debug|Any CPU
		{B5516CB7-7922-4F4A-8400-D29E8346B9D4}.Release|Any CPU.ActiveCfg = Release|Any CPU
		{B5516CB7-7922-4F4A-8400-D29E8346B9D4}.Release|Any CPU.Build.0 = Release|Any CPU
		{677A40C8-F913-4035-8651-E384098E8420}.Debug|Any CPU.ActiveCfg = Debug|Any CPU
		{677A40C8-F913-4035-8651-E384098E8420}.Debug|Any CPU.Build.0 = Debug|Any CPU
		{677A40C8-F913-4035-8651-E384098E8420}.Release|Any CPU.ActiveCfg = Release|Any CPU
		{677A40C8-F913-4035-8651-E384098E8420}.Release|Any CPU.Build.0 = Release|Any CPU
	EndGlobalSection
	GlobalSection(SolutionProperties) = preSolution
		HideSolutionNode = FALSE
	EndGlobalSection
	GlobalSection(NestedProjects) = preSolution
		{CFB21081-71AC-4648-BAD9-721189BC3FFE} = {E0BDDADE-9DC6-4F14-AF43-FCE838432482}
		{E1A32CD7-1DF0-427B-AAB5-09AB5FEAA18C} = {E8FFFCF5-7814-418E-9AA3-2DB8CA0F7A0A}
		{621FDC31-FB11-43DB-BE62-29F157790298} = {0B8FF54F-E099-41DD-9C8C-95FBBFAC187F}
		{B5516CB7-7922-4F4A-8400-D29E8346B9D4} = {BE3C8773-23E3-4434-BB36-DD1525BFBF1C}
		{677A40C8-F913-4035-8651-E384098E8420} = {C08C7BC8-7623-48B4-B522-25CA9C7C3235}
	EndGlobalSection
	GlobalSection(ExtensibilityGlobals) = postSolution
		SolutionGuid = {8230AD3C-9E4A-4BDD-8B46-1C067C5C6ABF}
	EndGlobalSection
EndGlobal
